
Microsoft Visual Studio Solution File, Format Version 12.00
# Visual Studio Version 17
VisualStudioVersion = 17.14.37111.16 d17.14
MinimumVisualStudioVersion = 10.0.40219.1
Project("{FAE04EC0-301F-11D3-BF4B-00C04F79EFBC}") = "zad1_Shitov", "zad1_Shitov\zad1_Shitov.csproj", "{3145360C-5DD5-4B35-BF8F-E7EBCAB05B08}"
EndProject
Global
	GlobalSection(SolutionConfigurationPlatforms) = preSolution
		Debug|Any CPU = Debug|Any CPU
		Release|Any CPU = Release|Any CPU
	EndGlobalSection
	GlobalSection(ProjectConfigurationPlatforms) = postSolution
		{3145360C-5DD5-4B35-BF8F-E7EBCAB05B08}.Debug|Any CPU.ActiveCfg = Debug|Any CPU
		{3145360C-5DD5-4B35-BF8F-E7EBCAB05B08}.Debug|Any CPU.Build.0 = Debug|Any CPU
		{3145360C-5DD5-4B35-BF8F-E7EBCAB05B08}.Release|Any CPU.ActiveCfg = Release|Any CPU
		{3145360C-5DD5-4B35-BF8F-E7EBCAB05B08}.Release|Any CPU.Build.0 = Release|Any CPU
	EndGlobalSection
	GlobalSection(SolutionProperties) = preSolution
		HideSolutionNode = FALSE
	EndGlobalSection
	GlobalSection(ExtensibilityGlobals) = postSolution
		SolutionGuid = {F25F5D84-69B0-4A14-A551-D23CED4DF887}
	EndGlobalSection
EndGlobal
